// !$*UTF8*$!
{
	archiveVersion = 1;
	classes = {
	};
	objectVersion = 46;
	objects = {

/* Begin PBXBuildFile section */
		80DD39F31891D95000A1D22E /* Foundation.framework in Frameworks */ = {isa = PBXBuildFile; fileRef = 80DD39F21891D95000A1D22E /* Foundation.framework */; };
		80DD39F51891D95000A1D22E /* CoreGraphics.framework in Frameworks */ = {isa = PBXBuildFile; fileRef = 80DD39F41891D95000A1D22E /* CoreGraphics.framework */; };
		80DD39F71891D95000A1D22E /* UIKit.framework in Frameworks */ = {isa = PBXBuildFile; fileRef = 80DD39F61891D95000A1D22E /* UIKit.framework */; };
		80DD39FD1891D95000A1D22E /* InfoPlist.strings in Resources */ = {isa = PBXBuildFile; fileRef = 80DD39FB1891D95000A1D22E /* InfoPlist.strings */; };
		80DD39FF1891D95000A1D22E /* main.m in Sources */ = {isa = PBXBuildFile; fileRef = 80DD39FE1891D95000A1D22E /* main.m */; };
		80DD3A031891D95000A1D22E /* AppDelegate.m in Sources */ = {isa = PBXBuildFile; fileRef = 80DD3A021891D95000A1D22E /* AppDelegate.m */; };
		80DD3A061891D95000A1D22E /* Main.storyboard in Resources */ = {isa = PBXBuildFile; fileRef = 80DD3A041891D95000A1D22E /* Main.storyboard */; };
		80DD3A091891D95000A1D22E /* ViewController.m in Sources */ = {isa = PBXBuildFile; fileRef = 80DD3A081891D95000A1D22E /* ViewController.m */; };
		80DD3A0B1891D95000A1D22E /* Images.xcassets in Resources */ = {isa = PBXBuildFile; fileRef = 80DD3A0A1891D95000A1D22E /* Images.xcassets */; };
		80DD3A121891D95000A1D22E /* XCTest.framework in Frameworks */ = {isa = PBXBuildFile; fileRef = 80DD3A111891D95000A1D22E /* XCTest.framework */; };
		80DD3A131891D95000A1D22E /* Foundation.framework in Frameworks */ = {isa = PBXBuildFile; fileRef = 80DD39F21891D95000A1D22E /* Foundation.framework */; };
		80DD3A141891D95000A1D22E /* UIKit.framework in Frameworks */ = {isa = PBXBuildFile; fileRef = 80DD39F61891D95000A1D22E /* UIKit.framework */; };
		80DD3A1C1891D95000A1D22E /* InfoPlist.strings in Resources */ = {isa = PBXBuildFile; fileRef = 80DD3A1A1891D95000A1D22E /* InfoPlist.strings */; };
		80DD3A1E1891D95000A1D22E /* _41P1Tests.m in Sources */ = {isa = PBXBuildFile; fileRef = 80DD3A1D1891D95000A1D22E /* _41P1Tests.m */; };
		80DD3A291891DC6700A1D22E /* TextEvent.m in Sources */ = {isa = PBXBuildFile; fileRef = 80DD3A281891DC6700A1D22E /* TextEvent.m */; };
		80DD3A2C1891DF8A00A1D22E /* UndoManager.m in Sources */ = {isa = PBXBuildFile; fileRef = 80DD3A2B1891DF8A00A1D22E /* UndoManager.m */; };
		80E4724B18944C2900363BFD /* Collabrify.framework in Frameworks */ = {isa = PBXBuildFile; fileRef = 80E4724A18944C2900363BFD /* Collabrify.framework */; };
		80E4724D18944C3400363BFD /* libprotobuf.a in Frameworks */ = {isa = PBXBuildFile; fileRef = 80E4724C18944C3400363BFD /* libprotobuf.a */; };
		80E4728D18944C7E00363BFD /* SystemConfiguration.framework in Frameworks */ = {isa = PBXBuildFile; fileRef = 80E4728C18944C7E00363BFD /* SystemConfiguration.framework */; };
		80E4728F18944C8A00363BFD /* libc++.dylib in Frameworks */ = {isa = PBXBuildFile; fileRef = 80E4728E18944C8A00363BFD /* libc++.dylib */; };
		80E4729218944CBD00363BFD /* CollabrifyManger.m in Sources */ = {isa = PBXBuildFile; fileRef = 80E4729118944CBD00363BFD /* CollabrifyManger.m */; };
		80E472D418945F9200363BFD /* plugin.proto in Resources */ = {isa = PBXBuildFile; fileRef = 80E472A718945F9200363BFD /* plugin.proto */; };
		80E472D518945F9200363BFD /* descriptor.proto in Resources */ = {isa = PBXBuildFile; fileRef = 80E472AC18945F9200363BFD /* descriptor.proto */; };
		80E472DC189469DC00363BFD /* TextEvent.pb.cc in Sources */ = {isa = PBXBuildFile; fileRef = 80E472D9189469DC00363BFD /* TextEvent.pb.cc */; };
		80E472DD189469DC00363BFD /* TextEvent.proto in Resources */ = {isa = PBXBuildFile; fileRef = 80E472DB189469DC00363BFD /* TextEvent.proto */; };
/* End PBXBuildFile section */

/* Begin PBXContainerItemProxy section */
		80DD3A151891D95000A1D22E /* PBXContainerItemProxy */ = {
			isa = PBXContainerItemProxy;
			containerPortal = 80DD39E71891D95000A1D22E /* Project object */;
			proxyType = 1;
			remoteGlobalIDString = 80DD39EE1891D95000A1D22E;
			remoteInfo = 441P1;
		};
/* End PBXContainerItemProxy section */

/* Begin PBXFileReference section */
		80DD39EF1891D95000A1D22E /* 441P1.app */ = {isa = PBXFileReference; explicitFileType = wrapper.application; includeInIndex = 0; path = 441P1.app; sourceTree = BUILT_PRODUCTS_DIR; };
		80DD39F21891D95000A1D22E /* Foundation.framework */ = {isa = PBXFileReference; lastKnownFileType = wrapper.framework; name = Foundation.framework; path = System/Library/Frameworks/Foundation.framework; sourceTree = SDKROOT; };
		80DD39F41891D95000A1D22E /* CoreGraphics.framework */ = {isa = PBXFileReference; lastKnownFileType = wrapper.framework; name = CoreGraphics.framework; path = System/Library/Frameworks/CoreGraphics.framework; sourceTree = SDKROOT; };
		80DD39F61891D95000A1D22E /* UIKit.framework */ = {isa = PBXFileReference; lastKnownFileType = wrapper.framework; name = UIKit.framework; path = System/Library/Frameworks/UIKit.framework; sourceTree = SDKROOT; };
		80DD39FA1891D95000A1D22E /* 441P1-Info.plist */ = {isa = PBXFileReference; lastKnownFileType = text.plist.xml; path = "441P1-Info.plist"; sourceTree = "<group>"; };
		80DD39FC1891D95000A1D22E /* en */ = {isa = PBXFileReference; lastKnownFileType = text.plist.strings; name = en; path = en.lproj/InfoPlist.strings; sourceTree = "<group>"; };
		80DD39FE1891D95000A1D22E /* main.m */ = {isa = PBXFileReference; lastKnownFileType = sourcecode.c.objc; path = main.m; sourceTree = "<group>"; };
		80DD3A001891D95000A1D22E /* 441P1-Prefix.pch */ = {isa = PBXFileReference; lastKnownFileType = sourcecode.c.h; path = "441P1-Prefix.pch"; sourceTree = "<group>"; };
		80DD3A011891D95000A1D22E /* AppDelegate.h */ = {isa = PBXFileReference; lastKnownFileType = sourcecode.c.h; path = AppDelegate.h; sourceTree = "<group>"; };
		80DD3A021891D95000A1D22E /* AppDelegate.m */ = {isa = PBXFileReference; lastKnownFileType = sourcecode.c.objc; path = AppDelegate.m; sourceTree = "<group>"; };
		80DD3A051891D95000A1D22E /* Base */ = {isa = PBXFileReference; lastKnownFileType = file.storyboard; name = Base; path = Base.lproj/Main.storyboard; sourceTree = "<group>"; };
		80DD3A071891D95000A1D22E /* ViewController.h */ = {isa = PBXFileReference; lastKnownFileType = sourcecode.c.h; path = ViewController.h; sourceTree = "<group>"; };
		80DD3A081891D95000A1D22E /* ViewController.m */ = {isa = PBXFileReference; lastKnownFileType = sourcecode.c.objc; path = ViewController.m; sourceTree = "<group>"; };
		80DD3A0A1891D95000A1D22E /* Images.xcassets */ = {isa = PBXFileReference; lastKnownFileType = folder.assetcatalog; path = Images.xcassets; sourceTree = "<group>"; };
		80DD3A101891D95000A1D22E /* 441P1Tests.xctest */ = {isa = PBXFileReference; explicitFileType = wrapper.cfbundle; includeInIndex = 0; path = 441P1Tests.xctest; sourceTree = BUILT_PRODUCTS_DIR; };
		80DD3A111891D95000A1D22E /* XCTest.framework */ = {isa = PBXFileReference; lastKnownFileType = wrapper.framework; name = XCTest.framework; path = Library/Frameworks/XCTest.framework; sourceTree = DEVELOPER_DIR; };
		80DD3A191891D95000A1D22E /* 441P1Tests-Info.plist */ = {isa = PBXFileReference; lastKnownFileType = text.plist.xml; path = "441P1Tests-Info.plist"; sourceTree = "<group>"; };
		80DD3A1B1891D95000A1D22E /* en */ = {isa = PBXFileReference; lastKnownFileType = text.plist.strings; name = en; path = en.lproj/InfoPlist.strings; sourceTree = "<group>"; };
		80DD3A1D1891D95000A1D22E /* _41P1Tests.m */ = {isa = PBXFileReference; lastKnownFileType = sourcecode.c.objc; path = _41P1Tests.m; sourceTree = "<group>"; };
		80DD3A271891DC6700A1D22E /* TextEvent.h */ = {isa = PBXFileReference; fileEncoding = 4; lastKnownFileType = sourcecode.c.h; path = TextEvent.h; sourceTree = "<group>"; };
		80DD3A281891DC6700A1D22E /* TextEvent.m */ = {isa = PBXFileReference; fileEncoding = 4; lastKnownFileType = sourcecode.c.objc; path = TextEvent.m; sourceTree = "<group>"; };
		80DD3A2A1891DF8A00A1D22E /* UndoManager.h */ = {isa = PBXFileReference; fileEncoding = 4; lastKnownFileType = sourcecode.c.h; path = UndoManager.h; sourceTree = "<group>"; };
		80DD3A2B1891DF8A00A1D22E /* UndoManager.m */ = {isa = PBXFileReference; fileEncoding = 4; lastKnownFileType = sourcecode.c.objc; path = UndoManager.m; sourceTree = "<group>"; };
		80E4724A18944C2900363BFD /* Collabrify.framework */ = {isa = PBXFileReference; lastKnownFileType = wrapper.framework; path = Collabrify.framework; sourceTree = "<group>"; };
		80E4724C18944C3400363BFD /* libprotobuf.a */ = {isa = PBXFileReference; lastKnownFileType = archive.ar; path = libprotobuf.a; sourceTree = "<group>"; };
		80E4724E18944C3B00363BFD /* config.h */ = {isa = PBXFileReference; lastKnownFileType = sourcecode.c.h; path = config.h; sourceTree = "<group>"; };
		80E4728C18944C7E00363BFD /* SystemConfiguration.framework */ = {isa = PBXFileReference; lastKnownFileType = wrapper.framework; name = SystemConfiguration.framework; path = System/Library/Frameworks/SystemConfiguration.framework; sourceTree = SDKROOT; };
		80E4728E18944C8A00363BFD /* libc++.dylib */ = {isa = PBXFileReference; lastKnownFileType = "compiled.mach-o.dylib"; name = "libc++.dylib"; path = "usr/lib/libc++.dylib"; sourceTree = SDKROOT; };
		80E4729018944CBD00363BFD /* CollabrifyManger.h */ = {isa = PBXFileReference; fileEncoding = 4; lastKnownFileType = sourcecode.c.h; path = CollabrifyManger.h; sourceTree = "<group>"; };
		80E4729118944CBD00363BFD /* CollabrifyManger.m */ = {isa = PBXFileReference; fileEncoding = 4; lastKnownFileType = sourcecode.c.objc; path = CollabrifyManger.m; sourceTree = "<group>"; };
		80E4729D18945F9200363BFD /* code_generator.h */ = {isa = PBXFileReference; fileEncoding = 4; lastKnownFileType = sourcecode.c.h; path = code_generator.h; sourceTree = "<group>"; };
		80E4729E18945F9200363BFD /* command_line_interface.h */ = {isa = PBXFileReference; fileEncoding = 4; lastKnownFileType = sourcecode.c.h; path = command_line_interface.h; sourceTree = "<group>"; };
		80E472A018945F9200363BFD /* cpp_generator.h */ = {isa = PBXFileReference; fileEncoding = 4; lastKnownFileType = sourcecode.c.h; path = cpp_generator.h; sourceTree = "<group>"; };
		80E472A118945F9200363BFD /* importer.h */ = {isa = PBXFileReference; fileEncoding = 4; lastKnownFileType = sourcecode.c.h; path = importer.h; sourceTree = "<group>"; };
		80E472A318945F9200363BFD /* java_generator.h */ = {isa = PBXFileReference; fileEncoding = 4; lastKnownFileType = sourcecode.c.h; path = java_generator.h; sourceTree = "<group>"; };
		80E472A418945F9200363BFD /* parser.h */ = {isa = PBXFileReference; fileEncoding = 4; lastKnownFileType = sourcecode.c.h; path = parser.h; sourceTree = "<group>"; };
		80E472A518945F9200363BFD /* plugin.h */ = {isa = PBXFileReference; fileEncoding = 4; lastKnownFileType = sourcecode.c.h; path = plugin.h; sourceTree = "<group>"; };
		80E472A618945F9200363BFD /* plugin.pb.h */ = {isa = PBXFileReference; fileEncoding = 4; lastKnownFileType = sourcecode.c.h; path = plugin.pb.h; sourceTree = "<group>"; };
		80E472A718945F9200363BFD /* plugin.proto */ = {isa = PBXFileReference; fileEncoding = 4; lastKnownFileType = text; path = plugin.proto; sourceTree = "<group>"; };
		80E472A918945F9200363BFD /* python_generator.h */ = {isa = PBXFileReference; fileEncoding = 4; lastKnownFileType = sourcecode.c.h; path = python_generator.h; sourceTree = "<group>"; };
		80E472AA18945F9200363BFD /* descriptor.h */ = {isa = PBXFileReference; fileEncoding = 4; lastKnownFileType = sourcecode.c.h; path = descriptor.h; sourceTree = "<group>"; };
		80E472AB18945F9200363BFD /* descriptor.pb.h */ = {isa = PBXFileReference; fileEncoding = 4; lastKnownFileType = sourcecode.c.h; path = descriptor.pb.h; sourceTree = "<group>"; };
		80E472AC18945F9200363BFD /* descriptor.proto */ = {isa = PBXFileReference; fileEncoding = 4; lastKnownFileType = text; path = descriptor.proto; sourceTree = "<group>"; };
		80E472AD18945F9200363BFD /* descriptor_database.h */ = {isa = PBXFileReference; fileEncoding = 4; lastKnownFileType = sourcecode.c.h; path = descriptor_database.h; sourceTree = "<group>"; };
		80E472AE18945F9200363BFD /* dynamic_message.h */ = {isa = PBXFileReference; fileEncoding = 4; lastKnownFileType = sourcecode.c.h; path = dynamic_message.h; sourceTree = "<group>"; };
		80E472AF18945F9200363BFD /* extension_set.h */ = {isa = PBXFileReference; fileEncoding = 4; lastKnownFileType = sourcecode.c.h; path = extension_set.h; sourceTree = "<group>"; };
		80E472B018945F9200363BFD /* generated_enum_reflection.h */ = {isa = PBXFileReference; fileEncoding = 4; lastKnownFileType = sourcecode.c.h; path = generated_enum_reflection.h; sourceTree = "<group>"; };
		80E472B118945F9200363BFD /* generated_message_reflection.h */ = {isa = PBXFileReference; fileEncoding = 4; lastKnownFileType = sourcecode.c.h; path = generated_message_reflection.h; sourceTree = "<group>"; };
		80E472B218945F9200363BFD /* generated_message_util.h */ = {isa = PBXFileReference; fileEncoding = 4; lastKnownFileType = sourcecode.c.h; path = generated_message_util.h; sourceTree = "<group>"; };
		80E472B418945F9200363BFD /* coded_stream.h */ = {isa = PBXFileReference; fileEncoding = 4; lastKnownFileType = sourcecode.c.h; path = coded_stream.h; sourceTree = "<group>"; };
		80E472B518945F9200363BFD /* gzip_stream.h */ = {isa = PBXFileReference; fileEncoding = 4; lastKnownFileType = sourcecode.c.h; path = gzip_stream.h; sourceTree = "<group>"; };
		80E472B618945F9200363BFD /* printer.h */ = {isa = PBXFileReference; fileEncoding = 4; lastKnownFileType = sourcecode.c.h; path = printer.h; sourceTree = "<group>"; };
		80E472B718945F9200363BFD /* tokenizer.h */ = {isa = PBXFileReference; fileEncoding = 4; lastKnownFileType = sourcecode.c.h; path = tokenizer.h; sourceTree = "<group>"; };
		80E472B818945F9200363BFD /* zero_copy_stream.h */ = {isa = PBXFileReference; fileEncoding = 4; lastKnownFileType = sourcecode.c.h; path = zero_copy_stream.h; sourceTree = "<group>"; };
		80E472B918945F9200363BFD /* zero_copy_stream_impl.h */ = {isa = PBXFileReference; fileEncoding = 4; lastKnownFileType = sourcecode.c.h; path = zero_copy_stream_impl.h; sourceTree = "<group>"; };
		80E472BA18945F9200363BFD /* zero_copy_stream_impl_lite.h */ = {isa = PBXFileReference; fileEncoding = 4; lastKnownFileType = sourcecode.c.h; path = zero_copy_stream_impl_lite.h; sourceTree = "<group>"; };
		80E472BB18945F9200363BFD /* message.h */ = {isa = PBXFileReference; fileEncoding = 4; lastKnownFileType = sourcecode.c.h; path = message.h; sourceTree = "<group>"; };
		80E472BC18945F9200363BFD /* message_lite.h */ = {isa = PBXFileReference; fileEncoding = 4; lastKnownFileType = sourcecode.c.h; path = message_lite.h; sourceTree = "<group>"; };
		80E472BD18945F9200363BFD /* reflection_ops.h */ = {isa = PBXFileReference; fileEncoding = 4; lastKnownFileType = sourcecode.c.h; path = reflection_ops.h; sourceTree = "<group>"; };
		80E472BE18945F9200363BFD /* repeated_field.h */ = {isa = PBXFileReference; fileEncoding = 4; lastKnownFileType = sourcecode.c.h; path = repeated_field.h; sourceTree = "<group>"; };
		80E472BF18945F9200363BFD /* service.h */ = {isa = PBXFileReference; fileEncoding = 4; lastKnownFileType = sourcecode.c.h; path = service.h; sourceTree = "<group>"; };
		80E472C118945F9200363BFD /* atomicops.h */ = {isa = PBXFileReference; fileEncoding = 4; lastKnownFileType = sourcecode.c.h; path = atomicops.h; sourceTree = "<group>"; };
		80E472C218945F9200363BFD /* atomicops_internals_arm_gcc.h */ = {isa = PBXFileReference; fileEncoding = 4; lastKnownFileType = sourcecode.c.h; path = atomicops_internals_arm_gcc.h; sourceTree = "<group>"; };
		80E472C318945F9200363BFD /* atomicops_internals_arm_qnx.h */ = {isa = PBXFileReference; fileEncoding = 4; lastKnownFileType = sourcecode.c.h; path = atomicops_internals_arm_qnx.h; sourceTree = "<group>"; };
		80E472C418945F9200363BFD /* atomicops_internals_atomicword_compat.h */ = {isa = PBXFileReference; fileEncoding = 4; lastKnownFileType = sourcecode.c.h; path = atomicops_internals_atomicword_compat.h; sourceTree = "<group>"; };
		80E472C518945F9200363BFD /* atomicops_internals_macosx.h */ = {isa = PBXFileReference; fileEncoding = 4; lastKnownFileType = sourcecode.c.h; path = atomicops_internals_macosx.h; sourceTree = "<group>"; };
		80E472C618945F9200363BFD /* atomicops_internals_mips_gcc.h */ = {isa = PBXFileReference; fileEncoding = 4; lastKnownFileType = sourcecode.c.h; path = atomicops_internals_mips_gcc.h; sourceTree = "<group>"; };
		80E472C718945F9200363BFD /* atomicops_internals_pnacl.h */ = {isa = PBXFileReference; fileEncoding = 4; lastKnownFileType = sourcecode.c.h; path = atomicops_internals_pnacl.h; sourceTree = "<group>"; };
		80E472C818945F9200363BFD /* atomicops_internals_x86_gcc.h */ = {isa = PBXFileReference; fileEncoding = 4; lastKnownFileType = sourcecode.c.h; path = atomicops_internals_x86_gcc.h; sourceTree = "<group>"; };
		80E472C918945F9200363BFD /* atomicops_internals_x86_msvc.h */ = {isa = PBXFileReference; fileEncoding = 4; lastKnownFileType = sourcecode.c.h; path = atomicops_internals_x86_msvc.h; sourceTree = "<group>"; };
		80E472CA18945F9200363BFD /* common.h */ = {isa = PBXFileReference; fileEncoding = 4; lastKnownFileType = sourcecode.c.h; path = common.h; sourceTree = "<group>"; };
		80E472CB18945F9200363BFD /* once.h */ = {isa = PBXFileReference; fileEncoding = 4; lastKnownFileType = sourcecode.c.h; path = once.h; sourceTree = "<group>"; };
		80E472CC18945F9200363BFD /* platform_macros.h */ = {isa = PBXFileReference; fileEncoding = 4; lastKnownFileType = sourcecode.c.h; path = platform_macros.h; sourceTree = "<group>"; };
		80E472CD18945F9200363BFD /* template_util.h */ = {isa = PBXFileReference; fileEncoding = 4; lastKnownFileType = sourcecode.c.h; path = template_util.h; sourceTree = "<group>"; };
		80E472CE18945F9200363BFD /* type_traits.h */ = {isa = PBXFileReference; fileEncoding = 4; lastKnownFileType = sourcecode.c.h; path = type_traits.h; sourceTree = "<group>"; };
		80E472CF18945F9200363BFD /* text_format.h */ = {isa = PBXFileReference; fileEncoding = 4; lastKnownFileType = sourcecode.c.h; path = text_format.h; sourceTree = "<group>"; };
		80E472D018945F9200363BFD /* unknown_field_set.h */ = {isa = PBXFileReference; fileEncoding = 4; lastKnownFileType = sourcecode.c.h; path = unknown_field_set.h; sourceTree = "<group>"; };
		80E472D118945F9200363BFD /* wire_format.h */ = {isa = PBXFileReference; fileEncoding = 4; lastKnownFileType = sourcecode.c.h; path = wire_format.h; sourceTree = "<group>"; };
		80E472D218945F9200363BFD /* wire_format_lite.h */ = {isa = PBXFileReference; fileEncoding = 4; lastKnownFileType = sourcecode.c.h; path = wire_format_lite.h; sourceTree = "<group>"; };
		80E472D318945F9200363BFD /* wire_format_lite_inl.h */ = {isa = PBXFileReference; fileEncoding = 4; lastKnownFileType = sourcecode.c.h; path = wire_format_lite_inl.h; sourceTree = "<group>"; };
		80E472D9189469DC00363BFD /* TextEvent.pb.cc */ = {isa = PBXFileReference; fileEncoding = 4; lastKnownFileType = sourcecode.cpp.cpp; path = TextEvent.pb.cc; sourceTree = "<group>"; };
		80E472DA189469DC00363BFD /* TextEvent.pb.h */ = {isa = PBXFileReference; fileEncoding = 4; lastKnownFileType = sourcecode.c.h; path = TextEvent.pb.h; sourceTree = "<group>"; };
		80E472DB189469DC00363BFD /* TextEvent.proto */ = {isa = PBXFileReference; fileEncoding = 4; lastKnownFileType = text; path = TextEvent.proto; sourceTree = "<group>"; };
/* End PBXFileReference section */

/* Begin PBXFrameworksBuildPhase section */
		80DD39EC1891D95000A1D22E /* Frameworks */ = {
			isa = PBXFrameworksBuildPhase;
			buildActionMask = 2147483647;
			files = (
				80E4728F18944C8A00363BFD /* libc++.dylib in Frameworks */,
				80E4728D18944C7E00363BFD /* SystemConfiguration.framework in Frameworks */,
				80DD39F51891D95000A1D22E /* CoreGraphics.framework in Frameworks */,
				80DD39F71891D95000A1D22E /* UIKit.framework in Frameworks */,
				80DD39F31891D95000A1D22E /* Foundation.framework in Frameworks */,
				80E4724B18944C2900363BFD /* Collabrify.framework in Frameworks */,
				80E4724D18944C3400363BFD /* libprotobuf.a in Frameworks */,
			);
			runOnlyForDeploymentPostprocessing = 0;
		};
		80DD3A0D1891D95000A1D22E /* Frameworks */ = {
			isa = PBXFrameworksBuildPhase;
			buildActionMask = 2147483647;
			files = (
				80DD3A121891D95000A1D22E /* XCTest.framework in Frameworks */,
				80DD3A141891D95000A1D22E /* UIKit.framework in Frameworks */,
				80DD3A131891D95000A1D22E /* Foundation.framework in Frameworks */,
			);
			runOnlyForDeploymentPostprocessing = 0;
		};
/* End PBXFrameworksBuildPhase section */

/* Begin PBXGroup section */
		80DD39E61891D95000A1D22E = {
			isa = PBXGroup;
			children = (
				80DD39F81891D95000A1D22E /* 441P1 */,
				80DD3A171891D95000A1D22E /* 441P1Tests */,
				80DD39F11891D95000A1D22E /* Frameworks */,
				80DD39F01891D95000A1D22E /* Products */,
			);
			sourceTree = "<group>";
		};
		80DD39F01891D95000A1D22E /* Products */ = {
			isa = PBXGroup;
			children = (
				80DD39EF1891D95000A1D22E /* 441P1.app */,
				80DD3A101891D95000A1D22E /* 441P1Tests.xctest */,
			);
			name = Products;
			sourceTree = "<group>";
		};
		80DD39F11891D95000A1D22E /* Frameworks */ = {
			isa = PBXGroup;
			children = (
				80E4724E18944C3B00363BFD /* config.h */,
				80E4724C18944C3400363BFD /* libprotobuf.a */,
				80E4728E18944C8A00363BFD /* libc++.dylib */,
				80E4728C18944C7E00363BFD /* SystemConfiguration.framework */,
				80E4724A18944C2900363BFD /* Collabrify.framework */,
				80DD39F21891D95000A1D22E /* Foundation.framework */,
				80DD39F41891D95000A1D22E /* CoreGraphics.framework */,
				80DD39F61891D95000A1D22E /* UIKit.framework */,
				80DD3A111891D95000A1D22E /* XCTest.framework */,
			);
			name = Frameworks;
			sourceTree = "<group>";
		};
		80DD39F81891D95000A1D22E /* 441P1 */ = {
			isa = PBXGroup;
			children = (
				80E4729918945F9200363BFD /* Google Protocol Buffers */,
				80E4729818945BF800363BFD /* proto */,
				80DD3A011891D95000A1D22E /* AppDelegate.h */,
				80DD3A021891D95000A1D22E /* AppDelegate.m */,
				80DD3A041891D95000A1D22E /* Main.storyboard */,
				80DD3A071891D95000A1D22E /* ViewController.h */,
				80DD3A081891D95000A1D22E /* ViewController.m */,
				80DD3A271891DC6700A1D22E /* TextEvent.h */,
				80DD3A281891DC6700A1D22E /* TextEvent.m */,
				80DD3A2A1891DF8A00A1D22E /* UndoManager.h */,
				80DD3A2B1891DF8A00A1D22E /* UndoManager.m */,
				80E4729018944CBD00363BFD /* CollabrifyManger.h */,
				80E4729118944CBD00363BFD /* CollabrifyManger.m */,
				80DD3A0A1891D95000A1D22E /* Images.xcassets */,
				80DD39F91891D95000A1D22E /* Supporting Files */,
			);
			path = 441P1;
			sourceTree = "<group>";
		};
		80DD39F91891D95000A1D22E /* Supporting Files */ = {
			isa = PBXGroup;
			children = (
				80DD39FA1891D95000A1D22E /* 441P1-Info.plist */,
				80DD39FB1891D95000A1D22E /* InfoPlist.strings */,
				80DD39FE1891D95000A1D22E /* main.m */,
				80DD3A001891D95000A1D22E /* 441P1-Prefix.pch */,
			);
			name = "Supporting Files";
			sourceTree = "<group>";
		};
		80DD3A171891D95000A1D22E /* 441P1Tests */ = {
			isa = PBXGroup;
			children = (
				80DD3A1D1891D95000A1D22E /* _41P1Tests.m */,
				80DD3A181891D95000A1D22E /* Supporting Files */,
			);
			path = 441P1Tests;
			sourceTree = "<group>";
		};
		80DD3A181891D95000A1D22E /* Supporting Files */ = {
			isa = PBXGroup;
			children = (
				80DD3A191891D95000A1D22E /* 441P1Tests-Info.plist */,
				80DD3A1A1891D95000A1D22E /* InfoPlist.strings */,
			);
			name = "Supporting Files";
			sourceTree = "<group>";
		};
		80E4729818945BF800363BFD /* proto */ = {
			isa = PBXGroup;
			children = (
				80E472D9189469DC00363BFD /* TextEvent.pb.cc */,
				80E472DA189469DC00363BFD /* TextEvent.pb.h */,
				80E472DB189469DC00363BFD /* TextEvent.proto */,
			);
			name = proto;
			sourceTree = "<group>";
		};
		80E4729918945F9200363BFD /* Google Protocol Buffers */ = {
			isa = PBXGroup;
			children = (
				80E4729A18945F9200363BFD /* google */,
			);
			path = "Google Protocol Buffers";
			sourceTree = "<group>";
		};
		80E4729A18945F9200363BFD /* google */ = {
			isa = PBXGroup;
			children = (
				80E4729B18945F9200363BFD /* protobuf */,
			);
			path = google;
			sourceTree = "<group>";
		};
		80E4729B18945F9200363BFD /* protobuf */ = {
			isa = PBXGroup;
			children = (
				80E4729C18945F9200363BFD /* compiler */,
				80E472AA18945F9200363BFD /* descriptor.h */,
				80E472AB18945F9200363BFD /* descriptor.pb.h */,
				80E472AC18945F9200363BFD /* descriptor.proto */,
				80E472AD18945F9200363BFD /* descriptor_database.h */,
				80E472AE18945F9200363BFD /* dynamic_message.h */,
				80E472AF18945F9200363BFD /* extension_set.h */,
				80E472B018945F9200363BFD /* generated_enum_reflection.h */,
				80E472B118945F9200363BFD /* generated_message_reflection.h */,
				80E472B218945F9200363BFD /* generated_message_util.h */,
				80E472B318945F9200363BFD /* io */,
				80E472BB18945F9200363BFD /* message.h */,
				80E472BC18945F9200363BFD /* message_lite.h */,
				80E472BD18945F9200363BFD /* reflection_ops.h */,
				80E472BE18945F9200363BFD /* repeated_field.h */,
				80E472BF18945F9200363BFD /* service.h */,
				80E472C018945F9200363BFD /* stubs */,
				80E472CF18945F9200363BFD /* text_format.h */,
				80E472D018945F9200363BFD /* unknown_field_set.h */,
				80E472D118945F9200363BFD /* wire_format.h */,
				80E472D218945F9200363BFD /* wire_format_lite.h */,
				80E472D318945F9200363BFD /* wire_format_lite_inl.h */,
			);
			path = protobuf;
			sourceTree = "<group>";
		};
		80E4729C18945F9200363BFD /* compiler */ = {
			isa = PBXGroup;
			children = (
				80E4729D18945F9200363BFD /* code_generator.h */,
				80E4729E18945F9200363BFD /* command_line_interface.h */,
				80E4729F18945F9200363BFD /* cpp */,
				80E472A118945F9200363BFD /* importer.h */,
				80E472A218945F9200363BFD /* java */,
				80E472A418945F9200363BFD /* parser.h */,
				80E472A518945F9200363BFD /* plugin.h */,
				80E472A618945F9200363BFD /* plugin.pb.h */,
				80E472A718945F9200363BFD /* plugin.proto */,
				80E472A818945F9200363BFD /* python */,
			);
			path = compiler;
			sourceTree = "<group>";
		};
		80E4729F18945F9200363BFD /* cpp */ = {
			isa = PBXGroup;
			children = (
				80E472A018945F9200363BFD /* cpp_generator.h */,
			);
			path = cpp;
			sourceTree = "<group>";
		};
		80E472A218945F9200363BFD /* java */ = {
			isa = PBXGroup;
			children = (
				80E472A318945F9200363BFD /* java_generator.h */,
			);
			path = java;
			sourceTree = "<group>";
		};
		80E472A818945F9200363BFD /* python */ = {
			isa = PBXGroup;
			children = (
				80E472A918945F9200363BFD /* python_generator.h */,
			);
			path = python;
			sourceTree = "<group>";
		};
		80E472B318945F9200363BFD /* io */ = {
			isa = PBXGroup;
			children = (
				80E472B418945F9200363BFD /* coded_stream.h */,
				80E472B518945F9200363BFD /* gzip_stream.h */,
				80E472B618945F9200363BFD /* printer.h */,
				80E472B718945F9200363BFD /* tokenizer.h */,
				80E472B818945F9200363BFD /* zero_copy_stream.h */,
				80E472B918945F9200363BFD /* zero_copy_stream_impl.h */,
				80E472BA18945F9200363BFD /* zero_copy_stream_impl_lite.h */,
			);
			path = io;
			sourceTree = "<group>";
		};
		80E472C018945F9200363BFD /* stubs */ = {
			isa = PBXGroup;
			children = (
				80E472C118945F9200363BFD /* atomicops.h */,
				80E472C218945F9200363BFD /* atomicops_internals_arm_gcc.h */,
				80E472C318945F9200363BFD /* atomicops_internals_arm_qnx.h */,
				80E472C418945F9200363BFD /* atomicops_internals_atomicword_compat.h */,
				80E472C518945F9200363BFD /* atomicops_internals_macosx.h */,
				80E472C618945F9200363BFD /* atomicops_internals_mips_gcc.h */,
				80E472C718945F9200363BFD /* atomicops_internals_pnacl.h */,
				80E472C818945F9200363BFD /* atomicops_internals_x86_gcc.h */,
				80E472C918945F9200363BFD /* atomicops_internals_x86_msvc.h */,
				80E472CA18945F9200363BFD /* common.h */,
				80E472CB18945F9200363BFD /* once.h */,
				80E472CC18945F9200363BFD /* platform_macros.h */,
				80E472CD18945F9200363BFD /* template_util.h */,
				80E472CE18945F9200363BFD /* type_traits.h */,
			);
			path = stubs;
			sourceTree = "<group>";
		};
/* End PBXGroup section */

/* Begin PBXNativeTarget section */
		80DD39EE1891D95000A1D22E /* 441P1 */ = {
			isa = PBXNativeTarget;
			buildConfigurationList = 80DD3A211891D95000A1D22E /* Build configuration list for PBXNativeTarget "441P1" */;
			buildPhases = (
				80DD39EB1891D95000A1D22E /* Sources */,
				80DD39EC1891D95000A1D22E /* Frameworks */,
				80DD39ED1891D95000A1D22E /* Resources */,
			);
			buildRules = (
			);
			dependencies = (
			);
			name = 441P1;
			productName = 441P1;
			productReference = 80DD39EF1891D95000A1D22E /* 441P1.app */;
			productType = "com.apple.product-type.application";
		};
		80DD3A0F1891D95000A1D22E /* 441P1Tests */ = {
			isa = PBXNativeTarget;
			buildConfigurationList = 80DD3A241891D95000A1D22E /* Build configuration list for PBXNativeTarget "441P1Tests" */;
			buildPhases = (
				80DD3A0C1891D95000A1D22E /* Sources */,
				80DD3A0D1891D95000A1D22E /* Frameworks */,
				80DD3A0E1891D95000A1D22E /* Resources */,
			);
			buildRules = (
			);
			dependencies = (
				80DD3A161891D95000A1D22E /* PBXTargetDependency */,
			);
			name = 441P1Tests;
			productName = 441P1Tests;
			productReference = 80DD3A101891D95000A1D22E /* 441P1Tests.xctest */;
			productType = "com.apple.product-type.bundle.unit-test";
		};
/* End PBXNativeTarget section */

/* Begin PBXProject section */
		80DD39E71891D95000A1D22E /* Project object */ = {
			isa = PBXProject;
			attributes = {
				LastUpgradeCheck = 0500;
				ORGANIZATIONNAME = Josh;
				TargetAttributes = {
					80DD3A0F1891D95000A1D22E = {
						TestTargetID = 80DD39EE1891D95000A1D22E;
					};
				};
			};
			buildConfigurationList = 80DD39EA1891D95000A1D22E /* Build configuration list for PBXProject "441P1" */;
			compatibilityVersion = "Xcode 3.2";
			developmentRegion = English;
			hasScannedForEncodings = 0;
			knownRegions = (
				en,
				Base,
			);
			mainGroup = 80DD39E61891D95000A1D22E;
			productRefGroup = 80DD39F01891D95000A1D22E /* Products */;
			projectDirPath = "";
			projectRoot = "";
			targets = (
				80DD39EE1891D95000A1D22E /* 441P1 */,
				80DD3A0F1891D95000A1D22E /* 441P1Tests */,
			);
		};
/* End PBXProject section */

/* Begin PBXResourcesBuildPhase section */
		80DD39ED1891D95000A1D22E /* Resources */ = {
			isa = PBXResourcesBuildPhase;
			buildActionMask = 2147483647;
			files = (
				80DD3A0B1891D95000A1D22E /* Images.xcassets in Resources */,
				80DD39FD1891D95000A1D22E /* InfoPlist.strings in Resources */,
				80E472D418945F9200363BFD /* plugin.proto in Resources */,
				80DD3A061891D95000A1D22E /* Main.storyboard in Resources */,
				80E472DD189469DC00363BFD /* TextEvent.proto in Resources */,
				80E472D518945F9200363BFD /* descriptor.proto in Resources */,
			);
			runOnlyForDeploymentPostprocessing = 0;
		};
		80DD3A0E1891D95000A1D22E /* Resources */ = {
			isa = PBXResourcesBuildPhase;
			buildActionMask = 2147483647;
			files = (
				80DD3A1C1891D95000A1D22E /* InfoPlist.strings in Resources */,
			);
			runOnlyForDeploymentPostprocessing = 0;
		};
/* End PBXResourcesBuildPhase section */

/* Begin PBXSourcesBuildPhase section */
		80DD39EB1891D95000A1D22E /* Sources */ = {
			isa = PBXSourcesBuildPhase;
			buildActionMask = 2147483647;
			files = (
				80DD3A291891DC6700A1D22E /* TextEvent.m in Sources */,
				80DD3A091891D95000A1D22E /* ViewController.m in Sources */,
				80E4729218944CBD00363BFD /* CollabrifyManger.m in Sources */,
				80DD3A2C1891DF8A00A1D22E /* UndoManager.m in Sources */,
				80DD3A031891D95000A1D22E /* AppDelegate.m in Sources */,
				80E472DC189469DC00363BFD /* TextEvent.pb.cc in Sources */,
				80DD39FF1891D95000A1D22E /* main.m in Sources */,
			);
			runOnlyForDeploymentPostprocessing = 0;
		};
		80DD3A0C1891D95000A1D22E /* Sources */ = {
			isa = PBXSourcesBuildPhase;
			buildActionMask = 2147483647;
			files = (
				80DD3A1E1891D95000A1D22E /* _41P1Tests.m in Sources */,
			);
			runOnlyForDeploymentPostprocessing = 0;
		};
/* End PBXSourcesBuildPhase section */

/* Begin PBXTargetDependency section */
		80DD3A161891D95000A1D22E /* PBXTargetDependency */ = {
			isa = PBXTargetDependency;
			target = 80DD39EE1891D95000A1D22E /* 441P1 */;
			targetProxy = 80DD3A151891D95000A1D22E /* PBXContainerItemProxy */;
		};
/* End PBXTargetDependency section */

/* Begin PBXVariantGroup section */
		80DD39FB1891D95000A1D22E /* InfoPlist.strings */ = {
			isa = PBXVariantGroup;
			children = (
				80DD39FC1891D95000A1D22E /* en */,
			);
			name = InfoPlist.strings;
			sourceTree = "<group>";
		};
		80DD3A041891D95000A1D22E /* Main.storyboard */ = {
			isa = PBXVariantGroup;
			children = (
				80DD3A051891D95000A1D22E /* Base */,
			);
			name = Main.storyboard;
			sourceTree = "<group>";
		};
		80DD3A1A1891D95000A1D22E /* InfoPlist.strings */ = {
			isa = PBXVariantGroup;
			children = (
				80DD3A1B1891D95000A1D22E /* en */,
			);
			name = InfoPlist.strings;
			sourceTree = "<group>";
		};
/* End PBXVariantGroup section */

/* Begin XCBuildConfiguration section */
		80DD3A1F1891D95000A1D22E /* Debug */ = {
			isa = XCBuildConfiguration;
			buildSettings = {
				ALWAYS_SEARCH_USER_PATHS = NO;
				ARCHS = "$(ARCHS_STANDARD_INCLUDING_64_BIT)";
				CLANG_CXX_LANGUAGE_STANDARD = "gnu++0x";
				CLANG_CXX_LIBRARY = "libc++";
				CLANG_ENABLE_MODULES = YES;
				CLANG_ENABLE_OBJC_ARC = YES;
				CLANG_WARN_BOOL_CONVERSION = YES;
				CLANG_WARN_CONSTANT_CONVERSION = YES;
				CLANG_WARN_DIRECT_OBJC_ISA_USAGE = YES_ERROR;
				CLANG_WARN_EMPTY_BODY = YES;
				CLANG_WARN_ENUM_CONVERSION = YES;
				CLANG_WARN_INT_CONVERSION = YES;
				CLANG_WARN_OBJC_ROOT_CLASS = YES_ERROR;
				CLANG_WARN__DUPLICATE_METHOD_MATCH = YES;
				"CODE_SIGN_IDENTITY[sdk=iphoneos*]" = "iPhone Developer";
				COPY_PHASE_STRIP = NO;
				GCC_C_LANGUAGE_STANDARD = gnu99;
				GCC_DYNAMIC_NO_PIC = NO;
				GCC_OPTIMIZATION_LEVEL = 0;
				GCC_PREPROCESSOR_DEFINITIONS = (
					"DEBUG=1",
					"$(inherited)",
				);
				GCC_SYMBOLS_PRIVATE_EXTERN = NO;
				GCC_WARN_64_TO_32_BIT_CONVERSION = YES;
				GCC_WARN_ABOUT_RETURN_TYPE = YES_ERROR;
				GCC_WARN_UNDECLARED_SELECTOR = YES;
				GCC_WARN_UNINITIALIZED_AUTOS = YES;
				GCC_WARN_UNUSED_FUNCTION = YES;
				GCC_WARN_UNUSED_VARIABLE = YES;
				IPHONEOS_DEPLOYMENT_TARGET = 7.0;
				ONLY_ACTIVE_ARCH = YES;
				SDKROOT = iphoneos;
			};
			name = Debug;
		};
		80DD3A201891D95000A1D22E /* Release */ = {
			isa = XCBuildConfiguration;
			buildSettings = {
				ALWAYS_SEARCH_USER_PATHS = NO;
				ARCHS = "$(ARCHS_STANDARD_INCLUDING_64_BIT)";
				CLANG_CXX_LANGUAGE_STANDARD = "gnu++0x";
				CLANG_CXX_LIBRARY = "libc++";
				CLANG_ENABLE_MODULES = YES;
				CLANG_ENABLE_OBJC_ARC = YES;
				CLANG_WARN_BOOL_CONVERSION = YES;
				CLANG_WARN_CONSTANT_CONVERSION = YES;
				CLANG_WARN_DIRECT_OBJC_ISA_USAGE = YES_ERROR;
				CLANG_WARN_EMPTY_BODY = YES;
				CLANG_WARN_ENUM_CONVERSION = YES;
				CLANG_WARN_INT_CONVERSION = YES;
				CLANG_WARN_OBJC_ROOT_CLASS = YES_ERROR;
				CLANG_WARN__DUPLICATE_METHOD_MATCH = YES;
				"CODE_SIGN_IDENTITY[sdk=iphoneos*]" = "iPhone Developer";
				COPY_PHASE_STRIP = YES;
				ENABLE_NS_ASSERTIONS = NO;
				GCC_C_LANGUAGE_STANDARD = gnu99;
				GCC_WARN_64_TO_32_BIT_CONVERSION = YES;
				GCC_WARN_ABOUT_RETURN_TYPE = YES_ERROR;
				GCC_WARN_UNDECLARED_SELECTOR = YES;
				GCC_WARN_UNINITIALIZED_AUTOS = YES;
				GCC_WARN_UNUSED_FUNCTION = YES;
				GCC_WARN_UNUSED_VARIABLE = YES;
				IPHONEOS_DEPLOYMENT_TARGET = 7.0;
				SDKROOT = iphoneos;
				VALIDATE_PRODUCT = YES;
			};
			name = Release;
		};
		80DD3A221891D95000A1D22E /* Debug */ = {
			isa = XCBuildConfiguration;
			buildSettings = {
				ASSETCATALOG_COMPILER_APPICON_NAME = AppIcon;
				ASSETCATALOG_COMPILER_LAUNCHIMAGE_NAME = LaunchImage;
				FRAMEWORK_SEARCH_PATHS = (
					"$(inherited)",
					"/Users/JoshStern/Documents/EECS441/EECS441-P1/441P1",
				);
				GCC_PRECOMPILE_PREFIX_HEADER = YES;
				GCC_PREFIX_HEADER = "441P1/441P1-Prefix.pch";
				HEADER_SEARCH_PATHS = (
					"$(inherited)",
					/Applications/Xcode.app/Contents/Developer/Toolchains/XcodeDefault.xctoolchain/usr/include,
					"\"$(SRCROOT)/441P1/Google Protocol Buffers\"",
				);
				INFOPLIST_FILE = "441P1/441P1-Info.plist";
				LIBRARY_SEARCH_PATHS = (
					"$(inherited)",
					"/Users/JoshStern/Documents/EECS441/EECS441-P1/441P1",
				);
				PRODUCT_NAME = "$(TARGET_NAME)";
				WRAPPER_EXTENSION = app;
			};
			name = Debug;
		};
		80DD3A231891D95000A1D22E /* Release */ = {
			isa = XCBuildConfiguration;
			buildSettings = {
				ASSETCATALOG_COMPILER_APPICON_NAME = AppIcon;
				ASSETCATALOG_COMPILER_LAUNCHIMAGE_NAME = LaunchImage;
				FRAMEWORK_SEARCH_PATHS = (
					"$(inherited)",
					"/Users/JoshStern/Documents/EECS441/EECS441-P1/441P1",
				);
				GCC_PRECOMPILE_PREFIX_HEADER = YES;
				GCC_PREFIX_HEADER = "441P1/441P1-Prefix.pch";
				HEADER_SEARCH_PATHS = (
					"$(inherited)",
					/Applications/Xcode.app/Contents/Developer/Toolchains/XcodeDefault.xctoolchain/usr/include,
					"\"$(SRCROOT)/441P1/Google Protocol Buffers\"",
				);
				INFOPLIST_FILE = "441P1/441P1-Info.plist";
				LIBRARY_SEARCH_PATHS = (
					"$(inherited)",
					"/Users/JoshStern/Documents/EECS441/EECS441-P1/441P1",
				);
				PRODUCT_NAME = "$(TARGET_NAME)";
				WRAPPER_EXTENSION = app;
			};
			name = Release;
		};
		80DD3A251891D95000A1D22E /* Debug */ = {
			isa = XCBuildConfiguration;
			buildSettings = {
				ARCHS = "$(ARCHS_STANDARD_INCLUDING_64_BIT)";
				BUNDLE_LOADER = "$(BUILT_PRODUCTS_DIR)/441P1.app/441P1";
				FRAMEWORK_SEARCH_PATHS = (
					"$(SDKROOT)/Developer/Library/Frameworks",
					"$(inherited)",
					"$(DEVELOPER_FRAMEWORKS_DIR)",
				);
				GCC_PRECOMPILE_PREFIX_HEADER = YES;
				GCC_PREFIX_HEADER = "441P1/441P1-Prefix.pch";
				GCC_PREPROCESSOR_DEFINITIONS = (
					"DEBUG=1",
					"$(inherited)",
				);
				INFOPLIST_FILE = "441P1Tests/441P1Tests-Info.plist";
				PRODUCT_NAME = "$(TARGET_NAME)";
				TEST_HOST = "$(BUNDLE_LOADER)";
				WRAPPER_EXTENSION = xctest;
			};
			name = Debug;
		};
		80DD3A261891D95000A1D22E /* Release */ = {
			isa = XCBuildConfiguration;
			buildSettings = {
				ARCHS = "$(ARCHS_STANDARD_INCLUDING_64_BIT)";
				BUNDLE_LOADER = "$(BUILT_PRODUCTS_DIR)/441P1.app/441P1";
				FRAMEWORK_SEARCH_PATHS = (
					"$(SDKROOT)/Developer/Library/Frameworks",
					"$(inherited)",
					"$(DEVELOPER_FRAMEWORKS_DIR)",
				);
				GCC_PRECOMPILE_PREFIX_HEADER = YES;
				GCC_PREFIX_HEADER = "441P1/441P1-Prefix.pch";
				INFOPLIST_FILE = "441P1Tests/441P1Tests-Info.plist";
				PRODUCT_NAME = "$(TARGET_NAME)";
				TEST_HOST = "$(BUNDLE_LOADER)";
				WRAPPER_EXTENSION = xctest;
			};
			name = Release;
		};
/* End XCBuildConfiguration section */

/* Begin XCConfigurationList section */
		80DD39EA1891D95000A1D22E /* Build configuration list for PBXProject "441P1" */ = {
			isa = XCConfigurationList;
			buildConfigurations = (
				80DD3A1F1891D95000A1D22E /* Debug */,
				80DD3A201891D95000A1D22E /* Release */,
			);
			defaultConfigurationIsVisible = 0;
			defaultConfigurationName = Release;
		};
		80DD3A211891D95000A1D22E /* Build configuration list for PBXNativeTarget "441P1" */ = {
			isa = XCConfigurationList;
			buildConfigurations = (
				80DD3A221891D95000A1D22E /* Debug */,
				80DD3A231891D95000A1D22E /* Release */,
			);
			defaultConfigurationIsVisible = 0;
			defaultConfigurationName = Release;
		};
		80DD3A241891D95000A1D22E /* Build configuration list for PBXNativeTarget "441P1Tests" */ = {
			isa = XCConfigurationList;
			buildConfigurations = (
				80DD3A251891D95000A1D22E /* Debug */,
				80DD3A261891D95000A1D22E /* Release */,
			);
			defaultConfigurationIsVisible = 0;
			defaultConfigurationName = Release;
		};
/* End XCConfigurationList section */
	};
	rootObject = 80DD39E71891D95000A1D22E /* Project object */;
}
